
Microsoft Visual Studio Solution File, Format Version 12.00
# Visual Studio Version 17
VisualStudioVersion = 17.4.33103.184
MinimumVisualStudioVersion = 10.0.40219.1
Project("{FAE04EC0-301F-11D3-BF4B-00C04F79EFBC}") = "ApiEmpleadosOAuth", "ApiEmpleadosOAuth\ApiEmpleadosOAuth.csproj", "{6B7CB682-8001-4C88-A145-025498F09C90}"
EndProject
Global
	GlobalSection(SolutionConfigurationPlatforms) = preSolution
		Debug|Any CPU = Debug|Any CPU
		Release|Any CPU = Release|Any CPU
	EndGlobalSection
	GlobalSection(ProjectConfigurationPlatforms) = postSolution
		{6B7CB682-8001-4C88-A145-025498F09C90}.Debug|Any CPU.ActiveCfg = Debug|Any CPU
		{6B7CB682-8001-4C88-A145-025498F09C90}.Debug|Any CPU.Build.0 = Debug|Any CPU
		{6B7CB682-8001-4C88-A145-025498F09C90}.Release|Any CPU.ActiveCfg = Release|Any CPU
		{6B7CB682-8001-4C88-A145-025498F09C90}.Release|Any CPU.Build.0 = Release|Any CPU
	EndGlobalSection
	GlobalSection(SolutionProperties) = preSolution
		HideSolutionNode = FALSE
	EndGlobalSection
	GlobalSection(ExtensibilityGlobals) = postSolution
		SolutionGuid = {B1285AB6-F0EE-4E50-97D9-60E60EBECCB9}
	EndGlobalSection
EndGlobal
